
Microsoft Visual Studio Solution File, Format Version 11.00
# Visual Studio 2010
Project("{FAE04EC0-301F-11D3-BF4B-00C04F79EFBC}") = "Assembly-CSharp", "Assembly-CSharp.csproj", "{d1a1f62e-9626-e140-dccc-ee19e680f5de}"
EndProject
Project("{FAE04EC0-301F-11D3-BF4B-00C04F79EFBC}") = "Assembly-CSharp-Editor", "Assembly-CSharp-Editor.csproj", "{98964c47-196e-8808-7437-7b0ffce75108}"
EndProject
Global
	GlobalSection(SolutionConfigurationPlatforms) = preSolution
		Debug|Any CPU = Debug|Any CPU
	EndGlobalSection
	GlobalSection(ProjectConfigurationPlatforms) = postSolution
		{d1a1f62e-9626-e140-dccc-ee19e680f5de}.Debug|Any CPU.ActiveCfg = Debug|Any CPU
		{d1a1f62e-9626-e140-dccc-ee19e680f5de}.Debug|Any CPU.Build.0 = Debug|Any CPU
		{98964c47-196e-8808-7437-7b0ffce75108}.Debug|Any CPU.ActiveCfg = Debug|Any CPU
		{98964c47-196e-8808-7437-7b0ffce75108}.Debug|Any CPU.Build.0 = Debug|Any CPU
	EndGlobalSection
	GlobalSection(SolutionProperties) = preSolution
		HideSolutionNode = FALSE
	EndGlobalSection
EndGlobal
